
Microsoft Visual Studio Solution File, Format Version 12.00
# Visual Studio Version 16
VisualStudioVersion = 16.0.30907.101
MinimumVisualStudioVersion = 10.0.40219.1
Project("{9A19103F-16F7-4668-BE54-9A1E7A4F7556}") = "DHOP", "DHOP.csproj", "{653B624F-3287-4343-A05B-C016D6C619E7}"
EndProject
Global
	GlobalSection(SolutionConfigurationPlatforms) = preSolution
		Debug|Any CPU = Debug|Any CPU
		Release|Any CPU = Release|Any CPU
	EndGlobalSection
	GlobalSection(ProjectConfigurationPlatforms) = postSolution
		{653B624F-3287-4343-A05B-C016D6C619E7}.Debug|Any CPU.ActiveCfg = Debug|Any CPU
		{653B624F-3287-4343-A05B-C016D6C619E7}.Debug|Any CPU.Build.0 = Debug|Any CPU
		{653B624F-3287-4343-A05B-C016D6C619E7}.Release|Any CPU.ActiveCfg = Release|Any CPU
		{653B624F-3287-4343-A05B-C016D6C619E7}.Release|Any CPU.Build.0 = Release|Any CPU
	EndGlobalSection
	GlobalSection(SolutionProperties) = preSolution
		HideSolutionNode = FALSE
	EndGlobalSection
	GlobalSection(ExtensibilityGlobals) = postSolution
		SolutionGuid = {7FD1C70D-BF7E-48AF-B5FB-F3C5C771BE1A}
	EndGlobalSection
EndGlobal
